
Microsoft Visual Studio Solution File, Format Version 12.00
# Visual Studio Version 16
VisualStudioVersion = 16.0.30804.86
MinimumVisualStudioVersion = 10.0.40219.1
Project("{FAE04EC0-301F-11D3-BF4B-00C04F79EFBC}") = "CsharpDesignPattern", "CsharpDesignPattern.csproj", "{A3C80D5D-5A90-44B3-9AF2-6A104E889A37}"
EndProject
Global
	GlobalSection(SolutionConfigurationPlatforms) = preSolution
		Debug|Any CPU = Debug|Any CPU
		Release|Any CPU = Release|Any CPU
	EndGlobalSection
	GlobalSection(ProjectConfigurationPlatforms) = postSolution
		{A3C80D5D-5A90-44B3-9AF2-6A104E889A37}.Debug|Any CPU.ActiveCfg = Debug|Any CPU
		{A3C80D5D-5A90-44B3-9AF2-6A104E889A37}.Debug|Any CPU.Build.0 = Debug|Any CPU
		{A3C80D5D-5A90-44B3-9AF2-6A104E889A37}.Release|Any CPU.ActiveCfg = Release|Any CPU
		{A3C80D5D-5A90-44B3-9AF2-6A104E889A37}.Release|Any CPU.Build.0 = Release|Any CPU
	EndGlobalSection
	GlobalSection(SolutionProperties) = preSolution
		HideSolutionNode = FALSE
	EndGlobalSection
	GlobalSection(ExtensibilityGlobals) = postSolution
		SolutionGuid = {36DAFB32-1182-4B2B-8E28-E8EFB86D8163}
	EndGlobalSection
EndGlobal
